
Microsoft Visual Studio Solution File, Format Version 12.00
# Visual Studio 15
VisualStudioVersion = 15.0.26730.12
MinimumVisualStudioVersion = 10.0.40219.1
Project("{2150E333-8FDC-42A3-9474-1A3956D46DE8}") = "src", "src", "{16A7B6D9-C9C7-4278-8F32-21732F8C69F8}"
EndProject
Project("{2150E333-8FDC-42A3-9474-1A3956D46DE8}") = "build", "build", "{0BDC0D3E-5B92-469D-82CB-79312888C39D}"
EndProject
Project("{8BC9CEB8-8B4A-11D0-8D11-00A0C91BC942}") = "potto-dynamic", "build\potto-dynamic.vcxproj", "{81F64F57-EB78-48BB-AD94-5578B98805E9}"
EndProject
Project("{8BC9CEB8-8B4A-11D0-8D11-00A0C91BC942}") = "potto-static", "build\potto-static.vcxproj", "{2F19520C-CB40-42A1-9AF0-3031B202A8CA}"
EndProject
Project("{2150E333-8FDC-42A3-9474-1A3956D46DE8}") = "tools", "tools", "{3550E1B0-64CD-402C-A4BE-1A30F325544C}"
EndProject
Project("{8BC9CEB8-8B4A-11D0-8D11-00A0C91BC942}") = "PottoGen", "tools\PottoGen\PottoGen.vcxproj", "{98D3FD10-D8FA-4723-9478-0CFFF0047BC9}"
EndProject
Project("{8BC9CEB8-8B4A-11D0-8D11-00A0C91BC942}") = "pottosrc", "src\pottosrc.vcxitems", "{45D41ACC-2C3C-43D2-BC10-02AA73FFC7C7}"
EndProject
Project("{8BC9CEB8-8B4A-11D0-8D11-00A0C91BC942}") = "pottoheaders", "src\pottoheaders.vcxitems", "{4C09E7C2-FFDB-4708-A6FB-2B6D6DF49237}"
EndProject
Project("{2150E333-8FDC-42A3-9474-1A3956D46DE8}") = "thirdparty", "thirdparty", "{D2F42357-CC1F-4486-B91A-D1AA3C5A58A1}"
EndProject
Project("{8BC9CEB8-8B4A-11D0-8D11-00A0C91BC942}") = "rapidxml", "thirdparty\rapidxml.vcxitems", "{489344DB-FC3A-43AA-8F3C-DB587580AE27}"
EndProject
Project("{2150E333-8FDC-42A3-9474-1A3956D46DE8}") = "potto", "potto", "{556E25FB-9AF6-4121-9D4C-D3333DF03D84}"
EndProject
Project("{2150E333-8FDC-42A3-9474-1A3956D46DE8}") = "sample", "sample", "{85EB21BD-489F-4844-B937-FF38850EB011}"
EndProject
Project("{2150E333-8FDC-42A3-9474-1A3956D46DE8}") = "package", "package", "{ECB45DAF-7155-4D8D-B836-99EF9D968362}"
EndProject
Project("{8BC9CEB8-8B4A-11D0-8D11-00A0C91BC942}") = "Ark-dynamic", "sample\Ark\Ark-dynamic.vcxproj", "{07B95676-3050-42ED-A703-C4BBAE3EB52D}"
EndProject
Project("{8BC9CEB8-8B4A-11D0-8D11-00A0C91BC942}") = "Ark-static", "sample\Ark\Ark-static.vcxproj", "{F75A888E-7154-4A1E-83A3-F771EC91CB97}"
EndProject
Project("{8BC9CEB8-8B4A-11D0-8D11-00A0C91BC942}") = "Client-dynamic", "sample\Client\Client-dynamic.vcxproj", "{847F0E06-3073-45E6-B0A3-5F8DD5B62A7C}"
EndProject
Project("{8BC9CEB8-8B4A-11D0-8D11-00A0C91BC942}") = "Client-static", "sample\Client\Client-static.vcxproj", "{94EEA143-2948-4C91-8F81-9099B247580D}"
EndProject
Project("{2150E333-8FDC-42A3-9474-1A3956D46DE8}") = "v141_xp", "v141_xp", "{7CEBB42B-45E5-4C93-8F67-ADDDB3B5CADE}"
	ProjectSection(SolutionItems) = preProject
		nuget\potto.v141_xp.dynamic.nuspec = nuget\potto.v141_xp.dynamic.nuspec
		targets\potto.v141_xp.dynamic.targets = targets\potto.v141_xp.dynamic.targets
		nuget\potto.v141_xp.static.nuspec = nuget\potto.v141_xp.static.nuspec
		targets\potto.v141_xp.static.targets = targets\potto.v141_xp.static.targets
	EndProjectSection
EndProject
Project("{2150E333-8FDC-42A3-9474-1A3956D46DE8}") = "v141", "v141", "{EE22F64F-AA31-4496-BE4C-08A51EABCBD7}"
	ProjectSection(SolutionItems) = preProject
		nuget\potto.v141.dynamic.nuspec = nuget\potto.v141.dynamic.nuspec
		targets\potto.v141.dynamic.targets = targets\potto.v141.dynamic.targets
		nuget\potto.v141.static.nuspec = nuget\potto.v141.static.nuspec
		targets\potto.v141.static.targets = targets\potto.v141.static.targets
	EndProjectSection
EndProject
Global
	GlobalSection(SharedMSBuildProjectFiles) = preSolution
		src\pottosrc.vcxitems*{2f19520c-cb40-42a1-9af0-3031b202a8ca}*SharedItemsImports = 4
		thirdparty\rapidxml.vcxitems*{2f19520c-cb40-42a1-9af0-3031b202a8ca}*SharedItemsImports = 4
		src\pottosrc.vcxitems*{45d41acc-2c3c-43d2-bc10-02aa73ffc7c7}*SharedItemsImports = 9
		thirdparty\rapidxml.vcxitems*{489344db-fc3a-43aa-8f3c-db587580ae27}*SharedItemsImports = 9
		src\pottoheaders.vcxitems*{4c09e7c2-ffdb-4708-a6fb-2b6d6df49237}*SharedItemsImports = 9
		src\pottosrc.vcxitems*{81f64f57-eb78-48bb-ad94-5578b98805e9}*SharedItemsImports = 4
		thirdparty\rapidxml.vcxitems*{81f64f57-eb78-48bb-ad94-5578b98805e9}*SharedItemsImports = 4
		thirdparty\rapidxml.vcxitems*{98d3fd10-d8fa-4723-9478-0cfff0047bc9}*SharedItemsImports = 4
	EndGlobalSection
	GlobalSection(SolutionConfigurationPlatforms) = preSolution
		Debug|x64 = Debug|x64
		Debug|x86 = Debug|x86
		Release|x64 = Release|x64
		Release|x86 = Release|x86
	EndGlobalSection
	GlobalSection(ProjectConfigurationPlatforms) = postSolution
		{81F64F57-EB78-48BB-AD94-5578B98805E9}.Debug|x64.ActiveCfg = Debug|x64
		{81F64F57-EB78-48BB-AD94-5578B98805E9}.Debug|x64.Build.0 = Debug|x64
		{81F64F57-EB78-48BB-AD94-5578B98805E9}.Debug|x86.ActiveCfg = Debug|Win32
		{81F64F57-EB78-48BB-AD94-5578B98805E9}.Debug|x86.Build.0 = Debug|Win32
		{81F64F57-EB78-48BB-AD94-5578B98805E9}.Release|x64.ActiveCfg = Release|x64
		{81F64F57-EB78-48BB-AD94-5578B98805E9}.Release|x64.Build.0 = Release|x64
		{81F64F57-EB78-48BB-AD94-5578B98805E9}.Release|x86.ActiveCfg = Release|Win32
		{81F64F57-EB78-48BB-AD94-5578B98805E9}.Release|x86.Build.0 = Release|Win32
		{2F19520C-CB40-42A1-9AF0-3031B202A8CA}.Debug|x64.ActiveCfg = Debug|x64
		{2F19520C-CB40-42A1-9AF0-3031B202A8CA}.Debug|x64.Build.0 = Debug|x64
		{2F19520C-CB40-42A1-9AF0-3031B202A8CA}.Debug|x86.ActiveCfg = Debug|Win32
		{2F19520C-CB40-42A1-9AF0-3031B202A8CA}.Debug|x86.Build.0 = Debug|Win32
		{2F19520C-CB40-42A1-9AF0-3031B202A8CA}.Release|x64.ActiveCfg = Release|x64
		{2F19520C-CB40-42A1-9AF0-3031B202A8CA}.Release|x64.Build.0 = Release|x64
		{2F19520C-CB40-42A1-9AF0-3031B202A8CA}.Release|x86.ActiveCfg = Release|Win32
		{2F19520C-CB40-42A1-9AF0-3031B202A8CA}.Release|x86.Build.0 = Release|Win32
		{98D3FD10-D8FA-4723-9478-0CFFF0047BC9}.Debug|x64.ActiveCfg = Debug|x64
		{98D3FD10-D8FA-4723-9478-0CFFF0047BC9}.Debug|x64.Build.0 = Debug|x64
		{98D3FD10-D8FA-4723-9478-0CFFF0047BC9}.Debug|x86.ActiveCfg = Debug|Win32
		{98D3FD10-D8FA-4723-9478-0CFFF0047BC9}.Debug|x86.Build.0 = Debug|Win32
		{98D3FD10-D8FA-4723-9478-0CFFF0047BC9}.Release|x64.ActiveCfg = Release|x64
		{98D3FD10-D8FA-4723-9478-0CFFF0047BC9}.Release|x64.Build.0 = Release|x64
		{98D3FD10-D8FA-4723-9478-0CFFF0047BC9}.Release|x86.ActiveCfg = Release|Win32
		{98D3FD10-D8FA-4723-9478-0CFFF0047BC9}.Release|x86.Build.0 = Release|Win32
		{07B95676-3050-42ED-A703-C4BBAE3EB52D}.Debug|x64.ActiveCfg = Debug|x64
		{07B95676-3050-42ED-A703-C4BBAE3EB52D}.Debug|x64.Build.0 = Debug|x64
		{07B95676-3050-42ED-A703-C4BBAE3EB52D}.Debug|x86.ActiveCfg = Debug|Win32
		{07B95676-3050-42ED-A703-C4BBAE3EB52D}.Debug|x86.Build.0 = Debug|Win32
		{07B95676-3050-42ED-A703-C4BBAE3EB52D}.Release|x64.ActiveCfg = Release|x64
		{07B95676-3050-42ED-A703-C4BBAE3EB52D}.Release|x64.Build.0 = Release|x64
		{07B95676-3050-42ED-A703-C4BBAE3EB52D}.Release|x86.ActiveCfg = Release|Win32
		{07B95676-3050-42ED-A703-C4BBAE3EB52D}.Release|x86.Build.0 = Release|Win32
		{F75A888E-7154-4A1E-83A3-F771EC91CB97}.Debug|x64.ActiveCfg = Debug|x64
		{F75A888E-7154-4A1E-83A3-F771EC91CB97}.Debug|x64.Build.0 = Debug|x64
		{F75A888E-7154-4A1E-83A3-F771EC91CB97}.Debug|x86.ActiveCfg = Debug|Win32
		{F75A888E-7154-4A1E-83A3-F771EC91CB97}.Debug|x86.Build.0 = Debug|Win32
		{F75A888E-7154-4A1E-83A3-F771EC91CB97}.Release|x64.ActiveCfg = Release|x64
		{F75A888E-7154-4A1E-83A3-F771EC91CB97}.Release|x64.Build.0 = Release|x64
		{F75A888E-7154-4A1E-83A3-F771EC91CB97}.Release|x86.ActiveCfg = Release|Win32
		{F75A888E-7154-4A1E-83A3-F771EC91CB97}.Release|x86.Build.0 = Release|Win32
		{847F0E06-3073-45E6-B0A3-5F8DD5B62A7C}.Debug|x64.ActiveCfg = Debug|x64
		{847F0E06-3073-45E6-B0A3-5F8DD5B62A7C}.Debug|x64.Build.0 = Debug|x64
		{847F0E06-3073-45E6-B0A3-5F8DD5B62A7C}.Debug|x86.ActiveCfg = Debug|Win32
		{847F0E06-3073-45E6-B0A3-5F8DD5B62A7C}.Debug|x86.Build.0 = Debug|Win32
		{847F0E06-3073-45E6-B0A3-5F8DD5B62A7C}.Release|x64.ActiveCfg = Release|x64
		{847F0E06-3073-45E6-B0A3-5F8DD5B62A7C}.Release|x64.Build.0 = Release|x64
		{847F0E06-3073-45E6-B0A3-5F8DD5B62A7C}.Release|x86.ActiveCfg = Release|Win32
		{847F0E06-3073-45E6-B0A3-5F8DD5B62A7C}.Release|x86.Build.0 = Release|Win32
		{94EEA143-2948-4C91-8F81-9099B247580D}.Debug|x64.ActiveCfg = Debug|x64
		{94EEA143-2948-4C91-8F81-9099B247580D}.Debug|x64.Build.0 = Debug|x64
		{94EEA143-2948-4C91-8F81-9099B247580D}.Debug|x86.ActiveCfg = Debug|Win32
		{94EEA143-2948-4C91-8F81-9099B247580D}.Debug|x86.Build.0 = Debug|Win32
		{94EEA143-2948-4C91-8F81-9099B247580D}.Release|x64.ActiveCfg = Release|x64
		{94EEA143-2948-4C91-8F81-9099B247580D}.Release|x64.Build.0 = Release|x64
		{94EEA143-2948-4C91-8F81-9099B247580D}.Release|x86.ActiveCfg = Release|Win32
		{94EEA143-2948-4C91-8F81-9099B247580D}.Release|x86.Build.0 = Release|Win32
	EndGlobalSection
	GlobalSection(SolutionProperties) = preSolution
		HideSolutionNode = FALSE
	EndGlobalSection
	GlobalSection(NestedProjects) = preSolution
		{16A7B6D9-C9C7-4278-8F32-21732F8C69F8} = {556E25FB-9AF6-4121-9D4C-D3333DF03D84}
		{0BDC0D3E-5B92-469D-82CB-79312888C39D} = {556E25FB-9AF6-4121-9D4C-D3333DF03D84}
		{81F64F57-EB78-48BB-AD94-5578B98805E9} = {0BDC0D3E-5B92-469D-82CB-79312888C39D}
		{2F19520C-CB40-42A1-9AF0-3031B202A8CA} = {0BDC0D3E-5B92-469D-82CB-79312888C39D}
		{3550E1B0-64CD-402C-A4BE-1A30F325544C} = {556E25FB-9AF6-4121-9D4C-D3333DF03D84}
		{98D3FD10-D8FA-4723-9478-0CFFF0047BC9} = {3550E1B0-64CD-402C-A4BE-1A30F325544C}
		{45D41ACC-2C3C-43D2-BC10-02AA73FFC7C7} = {16A7B6D9-C9C7-4278-8F32-21732F8C69F8}
		{4C09E7C2-FFDB-4708-A6FB-2B6D6DF49237} = {16A7B6D9-C9C7-4278-8F32-21732F8C69F8}
		{D2F42357-CC1F-4486-B91A-D1AA3C5A58A1} = {556E25FB-9AF6-4121-9D4C-D3333DF03D84}
		{489344DB-FC3A-43AA-8F3C-DB587580AE27} = {D2F42357-CC1F-4486-B91A-D1AA3C5A58A1}
		{07B95676-3050-42ED-A703-C4BBAE3EB52D} = {85EB21BD-489F-4844-B937-FF38850EB011}
		{F75A888E-7154-4A1E-83A3-F771EC91CB97} = {85EB21BD-489F-4844-B937-FF38850EB011}
		{847F0E06-3073-45E6-B0A3-5F8DD5B62A7C} = {85EB21BD-489F-4844-B937-FF38850EB011}
		{94EEA143-2948-4C91-8F81-9099B247580D} = {85EB21BD-489F-4844-B937-FF38850EB011}
		{7CEBB42B-45E5-4C93-8F67-ADDDB3B5CADE} = {ECB45DAF-7155-4D8D-B836-99EF9D968362}
		{EE22F64F-AA31-4496-BE4C-08A51EABCBD7} = {ECB45DAF-7155-4D8D-B836-99EF9D968362}
	EndGlobalSection
	GlobalSection(ExtensibilityGlobals) = postSolution
		SolutionGuid = {322D3BAD-BFD6-465F-8DFB-E569D4CC65D5}
	EndGlobalSection
EndGlobal
