<?xml version="1.0" encoding="utf-8"?>
<Project ToolsVersion="4.0" xmlns="http://schemas.microsoft.com/developer/msbuild/2003">
  <ItemGroup>
    <Filter Include="module">
      <UniqueIdentifier>{402da656-2143-4ebb-ad0d-f2ecc7346c25}</UniqueIdentifier>
    </Filter>
  </ItemGroup>
  <ItemGroup>
    <ClInclude Include="$(MSBuildThisFileDirectory)potto\include\pottoerror.hpp" />
    <ClInclude Include="$(MSBuildThisFileDirectory)potto\include\pottointerface.hpp" />
    <ClInclude Include="$(MSBuildThisFileDirectory)potto\include\pottoptr.hpp" />
    <ClInclude Include="$(MSBuildThisFileDirectory)potto\include\pottouuid.hpp" />
    <ClInclude Include="$(MSBuildThisFileDirectory)potto\include\pottoconf.hpp" />
    <ClInclude Include="F:\Projects\repository_git\Potto\src\potto\include\module\pottoexport.hpp">
      <Filter>module</Filter>
    </ClInclude>
    <ClInclude Include="F:\Projects\repository_git\Potto\src\potto\include\module\pottomodule.hpp">
      <Filter>module</Filter>
    </ClInclude>
    <ClInclude Include="F:\Projects\repository_git\Potto\src\potto\include\module\pottoobject.hpp">
      <Filter>module</Filter>
    </ClInclude>
    <ClInclude Include="F:\Projects\repository_git\Potto\src\potto\include\module\pottodef.hpp">
      <Filter>module</Filter>
    </ClInclude>
  </ItemGroup>
</Project>